
Microsoft Visual Studio Solution File, Format Version 12.00
# Visual Studio Version 17
VisualStudioVersion = 17.1.32228.430
MinimumVisualStudioVersion = 10.0.40219.1
Project("{FAE04EC0-301F-11D3-BF4B-00C04F79EFBC}") = "EthereumAPI", "EthereumAPI\EthereumAPI.csproj", "{AD3C0A9F-A8D3-42F2-B0F3-4C59205FF9CD}"
EndProject
Project("{FAE04EC0-301F-11D3-BF4B-00C04F79EFBC}") = "EthereumAPI.Contracts", "EthereumAPI.Contracts\EthereumAPI.Contracts.csproj", "{8CFDE0E3-D333-4B0A-9A7C-7043AFD5DFA4}"
EndProject
Project("{FAE04EC0-301F-11D3-BF4B-00C04F79EFBC}") = "EthereumAPI.Models", "EthereumAPI.Models\EthereumAPI.Models.csproj", "{91CD5251-9BCB-4846-9884-16594C674409}"
EndProject
Global
	GlobalSection(SolutionConfigurationPlatforms) = preSolution
		Debug|Any CPU = Debug|Any CPU
		Release|Any CPU = Release|Any CPU
	EndGlobalSection
	GlobalSection(ProjectConfigurationPlatforms) = postSolution
		{AD3C0A9F-A8D3-42F2-B0F3-4C59205FF9CD}.Debug|Any CPU.ActiveCfg = Debug|Any CPU
		{AD3C0A9F-A8D3-42F2-B0F3-4C59205FF9CD}.Debug|Any CPU.Build.0 = Debug|Any CPU
		{AD3C0A9F-A8D3-42F2-B0F3-4C59205FF9CD}.Release|Any CPU.ActiveCfg = Release|Any CPU
		{AD3C0A9F-A8D3-42F2-B0F3-4C59205FF9CD}.Release|Any CPU.Build.0 = Release|Any CPU
		{8CFDE0E3-D333-4B0A-9A7C-7043AFD5DFA4}.Debug|Any CPU.ActiveCfg = Debug|Any CPU
		{8CFDE0E3-D333-4B0A-9A7C-7043AFD5DFA4}.Debug|Any CPU.Build.0 = Debug|Any CPU
		{8CFDE0E3-D333-4B0A-9A7C-7043AFD5DFA4}.Release|Any CPU.ActiveCfg = Release|Any CPU
		{8CFDE0E3-D333-4B0A-9A7C-7043AFD5DFA4}.Release|Any CPU.Build.0 = Release|Any CPU
		{91CD5251-9BCB-4846-9884-16594C674409}.Debug|Any CPU.ActiveCfg = Debug|Any CPU
		{91CD5251-9BCB-4846-9884-16594C674409}.Debug|Any CPU.Build.0 = Debug|Any CPU
		{91CD5251-9BCB-4846-9884-16594C674409}.Release|Any CPU.ActiveCfg = Release|Any CPU
		{91CD5251-9BCB-4846-9884-16594C674409}.Release|Any CPU.Build.0 = Release|Any CPU
	EndGlobalSection
	GlobalSection(SolutionProperties) = preSolution
		HideSolutionNode = FALSE
	EndGlobalSection
	GlobalSection(ExtensibilityGlobals) = postSolution
		SolutionGuid = {0BA3FAAF-A739-4D0B-9821-C7EAEF7257A3}
	EndGlobalSection
EndGlobal
